# THIS IS AN AUTOGENERATED FILE. DO NOT EDIT THIS FILE DIRECTLY.
# yarn lockfile v1


husky@^9.0.7:
  version "9.0.7"
  resolved "https://registry.yarnpkg.com/husky/-/husky-9.0.7.tgz#047f24ec1b6c681206af714b4217c13ee97fff20"
  integrity sha512-vWdusw+y12DUEeoZqW1kplOFqk3tedGV8qlga8/SF6a3lOiWLqGZZQvfWvY0fQYdfiRi/u1DFNpudTSV9l1aCg==
